
Microsoft Visual Studio Solution File, Format Version 12.00
# Visual Studio 2012
Project("{FAE04EC0-301F-11D3-BF4B-00C04F79EFBC}") = "OPSCallRecording", "OPSCallRecording\OPSCallRecording.csproj", "{7B56E821-B1DF-4A38-97B6-1B076E5A5D4C}"
EndProject
Global
	GlobalSection(SolutionConfigurationPlatforms) = preSolution
		Debug|Any CPU = Debug|Any CPU
		Release|Any CPU = Release|Any CPU
	EndGlobalSection
	GlobalSection(ProjectConfigurationPlatforms) = postSolution
		{7B56E821-B1DF-4A38-97B6-1B076E5A5D4C}.Debug|Any CPU.ActiveCfg = Debug|Any CPU
		{7B56E821-B1DF-4A38-97B6-1B076E5A5D4C}.Debug|Any CPU.Build.0 = Debug|Any CPU
		{7B56E821-B1DF-4A38-97B6-1B076E5A5D4C}.Release|Any CPU.ActiveCfg = Release|Any CPU
		{7B56E821-B1DF-4A38-97B6-1B076E5A5D4C}.Release|Any CPU.Build.0 = Release|Any CPU
	EndGlobalSection
	GlobalSection(SolutionProperties) = preSolution
		HideSolutionNode = FALSE
	EndGlobalSection
EndGlobal
